
Microsoft Visual Studio Solution File, Format Version 12.00
# Visual Studio Version 17
VisualStudioVersion = 17.3.32819.101
MinimumVisualStudioVersion = 10.0.40219.1
Project("{9A19103F-16F7-4668-BE54-9A1E7A4F7556}") = "Umamusume Assets Extractor", "Umamusume Assets Extractor.csproj", "{881CB852-AF91-45C3-8E94-6473021ABE32}"
EndProject
Global
	GlobalSection(SolutionConfigurationPlatforms) = preSolution
		Debug|Any CPU = Debug|Any CPU
		Release|Any CPU = Release|Any CPU
	EndGlobalSection
	GlobalSection(ProjectConfigurationPlatforms) = postSolution
		{881CB852-AF91-45C3-8E94-6473021ABE32}.Debug|Any CPU.ActiveCfg = Debug|Any CPU
		{881CB852-AF91-45C3-8E94-6473021ABE32}.Debug|Any CPU.Build.0 = Debug|Any CPU
		{881CB852-AF91-45C3-8E94-6473021ABE32}.Release|Any CPU.ActiveCfg = Release|Any CPU
		{881CB852-AF91-45C3-8E94-6473021ABE32}.Release|Any CPU.Build.0 = Release|Any CPU
	EndGlobalSection
	GlobalSection(SolutionProperties) = preSolution
		HideSolutionNode = FALSE
	EndGlobalSection
	GlobalSection(ExtensibilityGlobals) = postSolution
		SolutionGuid = {E94D951A-4067-4B36-9729-13F1FBFB73BE}
	EndGlobalSection
EndGlobal
